
Microsoft Visual Studio Solution File, Format Version 12.00
# Visual Studio Version 17
VisualStudioVersion = 17.10.35027.167
MinimumVisualStudioVersion = 10.0.40219.1
Project("{FAE04EC0-301F-11D3-BF4B-00C04F79EFBC}") = "StokTakipOtomasyonu", "StokTakipOtomasyonu.csproj", "{CE30F200-0729-4337-9D0A-2E639DFDC925}"
EndProject
Global
	GlobalSection(SolutionConfigurationPlatforms) = preSolution
		Debug|Any CPU = Debug|Any CPU
		Release|Any CPU = Release|Any CPU
	EndGlobalSection
	GlobalSection(ProjectConfigurationPlatforms) = postSolution
		{CE30F200-0729-4337-9D0A-2E639DFDC925}.Debug|Any CPU.ActiveCfg = Debug|Any CPU
		{CE30F200-0729-4337-9D0A-2E639DFDC925}.Debug|Any CPU.Build.0 = Debug|Any CPU
		{CE30F200-0729-4337-9D0A-2E639DFDC925}.Release|Any CPU.ActiveCfg = Release|Any CPU
		{CE30F200-0729-4337-9D0A-2E639DFDC925}.Release|Any CPU.Build.0 = Release|Any CPU
	EndGlobalSection
	GlobalSection(SolutionProperties) = preSolution
		HideSolutionNode = FALSE
	EndGlobalSection
	GlobalSection(ExtensibilityGlobals) = postSolution
		SolutionGuid = {8D19D2CA-A717-4516-B81B-B99B00AAE8E7}
	EndGlobalSection
EndGlobal
